
Microsoft Visual Studio Solution File, Format Version 12.00
# Visual Studio Version 17
VisualStudioVersion = 17.12.35707.178
MinimumVisualStudioVersion = 10.0.40219.1
Project("{FAE04EC0-301F-11D3-BF4B-00C04F79EFBC}") = "Task1_1", "Task1_1\Task1_1.csproj", "{BF7ECBF1-BA52-4867-BD52-CAB0DB39842A}"
EndProject
Project("{FAE04EC0-301F-11D3-BF4B-00C04F79EFBC}") = "Task1_2", "Task1_2\Task1_2.csproj", "{FB5B2A20-7FC2-4AC5-A37B-D35FF514549D}"
EndProject
Project("{FAE04EC0-301F-11D3-BF4B-00C04F79EFBC}") = "Task2_1", "Task2_1\Task2_1.csproj", "{36684A04-A9C7-4B5A-B6B8-C9276DDECFB4}"
EndProject
Project("{FAE04EC0-301F-11D3-BF4B-00C04F79EFBC}") = "Task2_2", "Task2_2\Task2_2.csproj", "{168AA405-EB89-4406-9FD0-FBA6FCF0938B}"
EndProject
Project("{FAE04EC0-301F-11D3-BF4B-00C04F79EFBC}") = "Task2_3", "Task2_3\Task2_3.csproj", "{7806AA5C-A5F2-4E3F-B39D-83DAFD63A698}"
EndProject
Project("{FAE04EC0-301F-11D3-BF4B-00C04F79EFBC}") = "Task2_4", "Task2_4\Task2_4.csproj", "{BFA30E6F-88A5-409D-84A5-F082BF7E0E43}"
EndProject
Project("{FAE04EC0-301F-11D3-BF4B-00C04F79EFBC}") = "Task2_5", "Task2_5\Task2_5.csproj", "{C04C374F-F580-40E1-A45A-998AB5B1FD93}"
EndProject
Project("{FAE04EC0-301F-11D3-BF4B-00C04F79EFBC}") = "Task2_6", "Task2_6\Task2_6.csproj", "{DFBDE551-2942-48BD-A918-1D5CA4B76BDB}"
EndProject
Project("{FAE04EC0-301F-11D3-BF4B-00C04F79EFBC}") = "Task2_7", "Task2_7\Task2_7.csproj", "{68B5D0CC-AD19-4F60-A06F-04B8EC3A78F9}"
EndProject
Project("{FAE04EC0-301F-11D3-BF4B-00C04F79EFBC}") = "Task4_1", "Task4_1\Task4_1.csproj", "{B2A148E9-11E1-4944-A7C2-60DFE7CB804C}"
EndProject
Project("{FAE04EC0-301F-11D3-BF4B-00C04F79EFBC}") = "Task4_2", "Task4_2\Task4_2.csproj", "{C7421DB8-76C1-4566-962D-AB514F45ACAD}"
EndProject
Project("{FAE04EC0-301F-11D3-BF4B-00C04F79EFBC}") = "Task4_3", "Task4_3\Task4_3.csproj", "{427D9913-B880-4BCF-8FB2-5B0492FA1B23}"
EndProject
Project("{FAE04EC0-301F-11D3-BF4B-00C04F79EFBC}") = "Task4_4", "Task4_4\Task4_4.csproj", "{CEE144F2-A18C-4B98-B35E-CCBECD1DCD55}"
EndProject
Project("{FAE04EC0-301F-11D3-BF4B-00C04F79EFBC}") = "Task4_5", "Task4_5\Task4_5.csproj", "{69F4387A-A03F-48FA-9604-981FE462B5BB}"
EndProject
Project("{FAE04EC0-301F-11D3-BF4B-00C04F79EFBC}") = "Task4_6", "Task4_6\Task4_6.csproj", "{5E930075-51D3-4764-A351-B9BFBB659764}"
EndProject
Project("{FAE04EC0-301F-11D3-BF4B-00C04F79EFBC}") = "Task4_7", "Task4_7\Task4_7.csproj", "{A16F393A-E26C-4076-B845-B2A68F49FF28}"
EndProject
Project("{FAE04EC0-301F-11D3-BF4B-00C04F79EFBC}") = "Task4_8", "Task4_8\Task4_8.csproj", "{B561CE63-DD70-49E7-816E-EF6A58558724}"
EndProject
Project("{2150E333-8FDC-42A3-9474-1A3956D46DE8}") = "Task4", "Task4", "{36D591C7-65C7-A0D1-1CBC-10CDE441BDC8}"
EndProject
Project("{FAE04EC0-301F-11D3-BF4B-00C04F79EFBC}") = "Task3_1", "Task3_1\Task3_1.csproj", "{2D4844B2-1FF8-414B-86A3-38C6B971DB29}"
EndProject
Project("{FAE04EC0-301F-11D3-BF4B-00C04F79EFBC}") = "Task3_2", "Task3_2\Task3_2.csproj", "{C570E83F-41AA-4583-83A4-AE80469716CF}"
EndProject
Project("{FAE04EC0-301F-11D3-BF4B-00C04F79EFBC}") = "Task3_3", "Task3_3\Task3_3.csproj", "{CD58136D-F9BC-41DE-9476-3FF58DA5601D}"
EndProject
Project("{FAE04EC0-301F-11D3-BF4B-00C04F79EFBC}") = "Task3_4", "Task3_4\Task3_4.csproj", "{A5001953-8288-45F0-9403-1B07AEF3F4AC}"
EndProject
Project("{FAE04EC0-301F-11D3-BF4B-00C04F79EFBC}") = "Task3_5-9", "Task3_5-9\Task3_5-9.csproj", "{F3247EC1-E8B9-4384-8C7F-7E26756A44E2}"
EndProject
Project("{FAE04EC0-301F-11D3-BF4B-00C04F79EFBC}") = "Task3_10", "Task3_10\Task3_10.csproj", "{CD10646E-6E5F-4D57-BB35-442602146E0D}"
EndProject
Project("{FAE04EC0-301F-11D3-BF4B-00C04F79EFBC}") = "Task3_11", "Task3_11\Task3_11.csproj", "{F3522282-5A2B-4EFC-8137-A729878660E9}"
EndProject
Project("{FAE04EC0-301F-11D3-BF4B-00C04F79EFBC}") = "Task3_12", "Task3_12\Task3_12.csproj", "{6E057D4D-4630-4542-BE42-A81BE2915C6D}"
EndProject
Project("{2150E333-8FDC-42A3-9474-1A3956D46DE8}") = "Task1", "Task1", "{B6AC6128-0F4E-4F6A-8CC1-3D359087E1E6}"
EndProject
Project("{2150E333-8FDC-42A3-9474-1A3956D46DE8}") = "Task2", "Task2", "{30C96DDF-7732-469F-88C5-E4747B6785D7}"
EndProject
Project("{2150E333-8FDC-42A3-9474-1A3956D46DE8}") = "Task6", "Task6", "{67726EFD-7454-4AF3-ABC3-30FD892D53AD}"
EndProject
Project("{FAE04EC0-301F-11D3-BF4B-00C04F79EFBC}") = "Task6_1", "Task6_1\Task6_1.csproj", "{B46A9B2E-B723-4524-BBD2-86FDD519B70B}"
EndProject
Project("{FAE04EC0-301F-11D3-BF4B-00C04F79EFBC}") = "Task6_2", "Task6_2\Task6_2.csproj", "{9524D0FB-5D6D-4268-ADA5-C815A2D08AAD}"
EndProject
Project("{FAE04EC0-301F-11D3-BF4B-00C04F79EFBC}") = "Task6_3", "Task6_3\Task6_3.csproj", "{75479FDE-EE8E-4EBD-97D6-F5D382327DD5}"
EndProject
Project("{FAE04EC0-301F-11D3-BF4B-00C04F79EFBC}") = "Task6_4", "Task6_4\Task6_4.csproj", "{854835DB-7798-488F-8309-7212A5BF73B3}"
EndProject
Project("{FAE04EC0-301F-11D3-BF4B-00C04F79EFBC}") = "Task6_5", "Task6_5\Task6_5.csproj", "{46C2F179-6231-4CB6-ADEC-A1212DEFE890}"
EndProject
Project("{FAE04EC0-301F-11D3-BF4B-00C04F79EFBC}") = "Task6_6", "Task6_6\Task6_6.csproj", "{F4BC863B-6FEC-4CC4-983D-9B31D70B8BB3}"
EndProject
Project("{2150E333-8FDC-42A3-9474-1A3956D46DE8}") = "Task3", "Task3", "{1CAE2B6C-D3CF-4C5E-B89F-AAF14FD3CA7E}"
EndProject
Project("{2150E333-8FDC-42A3-9474-1A3956D46DE8}") = "Task5", "Task5", "{109C8392-FBD9-4D19-AAED-C54C7507053B}"
EndProject
Project("{FAE04EC0-301F-11D3-BF4B-00C04F79EFBC}") = "Task5_1", "Task5_1\Task5_1.csproj", "{51DBB940-4638-4E24-A73E-30B404F4E779}"
EndProject
Project("{FAE04EC0-301F-11D3-BF4B-00C04F79EFBC}") = "Task5_2", "Task5_2\Task5_2.csproj", "{8FEA151F-BBF0-4726-BDB0-0137B7866DC3}"
EndProject
Project("{FAE04EC0-301F-11D3-BF4B-00C04F79EFBC}") = "Task5_3", "Task5_3\Task5_3.csproj", "{006E14A2-0441-48EB-86EB-0D2630D1A834}"
EndProject
Project("{FAE04EC0-301F-11D3-BF4B-00C04F79EFBC}") = "Task5_4", "Task5_4\Task5_4.csproj", "{2790D040-947A-42A0-956F-963CCA0E9C06}"
EndProject
Project("{FAE04EC0-301F-11D3-BF4B-00C04F79EFBC}") = "Task5_5", "Task5_5\Task5_5.csproj", "{22FCA191-0D6F-406D-A90F-DAAAE0AC9919}"
EndProject
Project("{FAE04EC0-301F-11D3-BF4B-00C04F79EFBC}") = "Task5_6", "Task5_6\Task5_6.csproj", "{DC7EFB5A-66C4-4F07-B51B-2C776D8E4E94}"
EndProject
Project("{FAE04EC0-301F-11D3-BF4B-00C04F79EFBC}") = "Task5_7", "Task5_7\Task5_7.csproj", "{94F8C0C5-EAD4-4E49-94F2-46A8D6CE77AD}"
EndProject
Project("{FAE04EC0-301F-11D3-BF4B-00C04F79EFBC}") = "Task5_8", "Task5_8\Task5_8.csproj", "{A1575F7C-2E31-4800-B586-25917FC885B9}"
EndProject
Project("{FAE04EC0-301F-11D3-BF4B-00C04F79EFBC}") = "Task5_9", "Task5_9\Task5_9.csproj", "{8517F040-6E4E-4306-B155-12C8D1B263ED}"
EndProject
Project("{FAE04EC0-301F-11D3-BF4B-00C04F79EFBC}") = "Task5_10", "Task5_10\Task5_10.csproj", "{7806CA9F-3565-4D9C-A0B4-397F67EF7251}"
EndProject
Global
	GlobalSection(SolutionConfigurationPlatforms) = preSolution
		Debug|Any CPU = Debug|Any CPU
		Release|Any CPU = Release|Any CPU
	EndGlobalSection
	GlobalSection(ProjectConfigurationPlatforms) = postSolution
		{BF7ECBF1-BA52-4867-BD52-CAB0DB39842A}.Debug|Any CPU.ActiveCfg = Debug|Any CPU
		{BF7ECBF1-BA52-4867-BD52-CAB0DB39842A}.Debug|Any CPU.Build.0 = Debug|Any CPU
		{BF7ECBF1-BA52-4867-BD52-CAB0DB39842A}.Release|Any CPU.ActiveCfg = Release|Any CPU
		{BF7ECBF1-BA52-4867-BD52-CAB0DB39842A}.Release|Any CPU.Build.0 = Release|Any CPU
		{FB5B2A20-7FC2-4AC5-A37B-D35FF514549D}.Debug|Any CPU.ActiveCfg = Debug|Any CPU
		{FB5B2A20-7FC2-4AC5-A37B-D35FF514549D}.Debug|Any CPU.Build.0 = Debug|Any CPU
		{FB5B2A20-7FC2-4AC5-A37B-D35FF514549D}.Release|Any CPU.ActiveCfg = Release|Any CPU
		{FB5B2A20-7FC2-4AC5-A37B-D35FF514549D}.Release|Any CPU.Build.0 = Release|Any CPU
		{36684A04-A9C7-4B5A-B6B8-C9276DDECFB4}.Debug|Any CPU.ActiveCfg = Debug|Any CPU
		{36684A04-A9C7-4B5A-B6B8-C9276DDECFB4}.Debug|Any CPU.Build.0 = Debug|Any CPU
		{36684A04-A9C7-4B5A-B6B8-C9276DDECFB4}.Release|Any CPU.ActiveCfg = Release|Any CPU
		{36684A04-A9C7-4B5A-B6B8-C9276DDECFB4}.Release|Any CPU.Build.0 = Release|Any CPU
		{168AA405-EB89-4406-9FD0-FBA6FCF0938B}.Debug|Any CPU.ActiveCfg = Debug|Any CPU
		{168AA405-EB89-4406-9FD0-FBA6FCF0938B}.Debug|Any CPU.Build.0 = Debug|Any CPU
		{168AA405-EB89-4406-9FD0-FBA6FCF0938B}.Release|Any CPU.ActiveCfg = Release|Any CPU
		{168AA405-EB89-4406-9FD0-FBA6FCF0938B}.Release|Any CPU.Build.0 = Release|Any CPU
		{7806AA5C-A5F2-4E3F-B39D-83DAFD63A698}.Debug|Any CPU.ActiveCfg = Debug|Any CPU
		{7806AA5C-A5F2-4E3F-B39D-83DAFD63A698}.Debug|Any CPU.Build.0 = Debug|Any CPU
		{7806AA5C-A5F2-4E3F-B39D-83DAFD63A698}.Release|Any CPU.ActiveCfg = Release|Any CPU
		{7806AA5C-A5F2-4E3F-B39D-83DAFD63A698}.Release|Any CPU.Build.0 = Release|Any CPU
		{BFA30E6F-88A5-409D-84A5-F082BF7E0E43}.Debug|Any CPU.ActiveCfg = Debug|Any CPU
		{BFA30E6F-88A5-409D-84A5-F082BF7E0E43}.Debug|Any CPU.Build.0 = Debug|Any CPU
		{BFA30E6F-88A5-409D-84A5-F082BF7E0E43}.Release|Any CPU.ActiveCfg = Release|Any CPU
		{BFA30E6F-88A5-409D-84A5-F082BF7E0E43}.Release|Any CPU.Build.0 = Release|Any CPU
		{C04C374F-F580-40E1-A45A-998AB5B1FD93}.Debug|Any CPU.ActiveCfg = Debug|Any CPU
		{C04C374F-F580-40E1-A45A-998AB5B1FD93}.Debug|Any CPU.Build.0 = Debug|Any CPU
		{C04C374F-F580-40E1-A45A-998AB5B1FD93}.Release|Any CPU.ActiveCfg = Release|Any CPU
		{C04C374F-F580-40E1-A45A-998AB5B1FD93}.Release|Any CPU.Build.0 = Release|Any CPU
		{DFBDE551-2942-48BD-A918-1D5CA4B76BDB}.Debug|Any CPU.ActiveCfg = Debug|Any CPU
		{DFBDE551-2942-48BD-A918-1D5CA4B76BDB}.Debug|Any CPU.Build.0 = Debug|Any CPU
		{DFBDE551-2942-48BD-A918-1D5CA4B76BDB}.Release|Any CPU.ActiveCfg = Release|Any CPU
		{DFBDE551-2942-48BD-A918-1D5CA4B76BDB}.Release|Any CPU.Build.0 = Release|Any CPU
		{68B5D0CC-AD19-4F60-A06F-04B8EC3A78F9}.Debug|Any CPU.ActiveCfg = Debug|Any CPU
		{68B5D0CC-AD19-4F60-A06F-04B8EC3A78F9}.Debug|Any CPU.Build.0 = Debug|Any CPU
		{68B5D0CC-AD19-4F60-A06F-04B8EC3A78F9}.Release|Any CPU.ActiveCfg = Release|Any CPU
		{68B5D0CC-AD19-4F60-A06F-04B8EC3A78F9}.Release|Any CPU.Build.0 = Release|Any CPU
		{B2A148E9-11E1-4944-A7C2-60DFE7CB804C}.Debug|Any CPU.ActiveCfg = Debug|Any CPU
		{B2A148E9-11E1-4944-A7C2-60DFE7CB804C}.Debug|Any CPU.Build.0 = Debug|Any CPU
		{B2A148E9-11E1-4944-A7C2-60DFE7CB804C}.Release|Any CPU.ActiveCfg = Release|Any CPU
		{B2A148E9-11E1-4944-A7C2-60DFE7CB804C}.Release|Any CPU.Build.0 = Release|Any CPU
		{C7421DB8-76C1-4566-962D-AB514F45ACAD}.Debug|Any CPU.ActiveCfg = Debug|Any CPU
		{C7421DB8-76C1-4566-962D-AB514F45ACAD}.Debug|Any CPU.Build.0 = Debug|Any CPU
		{C7421DB8-76C1-4566-962D-AB514F45ACAD}.Release|Any CPU.ActiveCfg = Release|Any CPU
		{C7421DB8-76C1-4566-962D-AB514F45ACAD}.Release|Any CPU.Build.0 = Release|Any CPU
		{427D9913-B880-4BCF-8FB2-5B0492FA1B23}.Debug|Any CPU.ActiveCfg = Debug|Any CPU
		{427D9913-B880-4BCF-8FB2-5B0492FA1B23}.Debug|Any CPU.Build.0 = Debug|Any CPU
		{427D9913-B880-4BCF-8FB2-5B0492FA1B23}.Release|Any CPU.ActiveCfg = Release|Any CPU
		{427D9913-B880-4BCF-8FB2-5B0492FA1B23}.Release|Any CPU.Build.0 = Release|Any CPU
		{CEE144F2-A18C-4B98-B35E-CCBECD1DCD55}.Debug|Any CPU.ActiveCfg = Debug|Any CPU
		{CEE144F2-A18C-4B98-B35E-CCBECD1DCD55}.Debug|Any CPU.Build.0 = Debug|Any CPU
		{CEE144F2-A18C-4B98-B35E-CCBECD1DCD55}.Release|Any CPU.ActiveCfg = Release|Any CPU
		{CEE144F2-A18C-4B98-B35E-CCBECD1DCD55}.Release|Any CPU.Build.0 = Release|Any CPU
		{69F4387A-A03F-48FA-9604-981FE462B5BB}.Debug|Any CPU.ActiveCfg = Debug|Any CPU
		{69F4387A-A03F-48FA-9604-981FE462B5BB}.Debug|Any CPU.Build.0 = Debug|Any CPU
		{69F4387A-A03F-48FA-9604-981FE462B5BB}.Release|Any CPU.ActiveCfg = Release|Any CPU
		{69F4387A-A03F-48FA-9604-981FE462B5BB}.Release|Any CPU.Build.0 = Release|Any CPU
		{5E930075-51D3-4764-A351-B9BFBB659764}.Debug|Any CPU.ActiveCfg = Debug|Any CPU
		{5E930075-51D3-4764-A351-B9BFBB659764}.Debug|Any CPU.Build.0 = Debug|Any CPU
		{5E930075-51D3-4764-A351-B9BFBB659764}.Release|Any CPU.ActiveCfg = Release|Any CPU
		{5E930075-51D3-4764-A351-B9BFBB659764}.Release|Any CPU.Build.0 = Release|Any CPU
		{A16F393A-E26C-4076-B845-B2A68F49FF28}.Debug|Any CPU.ActiveCfg = Debug|Any CPU
		{A16F393A-E26C-4076-B845-B2A68F49FF28}.Debug|Any CPU.Build.0 = Debug|Any CPU
		{A16F393A-E26C-4076-B845-B2A68F49FF28}.Release|Any CPU.ActiveCfg = Release|Any CPU
		{A16F393A-E26C-4076-B845-B2A68F49FF28}.Release|Any CPU.Build.0 = Release|Any CPU
		{B561CE63-DD70-49E7-816E-EF6A58558724}.Debug|Any CPU.ActiveCfg = Debug|Any CPU
		{B561CE63-DD70-49E7-816E-EF6A58558724}.Debug|Any CPU.Build.0 = Debug|Any CPU
		{B561CE63-DD70-49E7-816E-EF6A58558724}.Release|Any CPU.ActiveCfg = Release|Any CPU
		{B561CE63-DD70-49E7-816E-EF6A58558724}.Release|Any CPU.Build.0 = Release|Any CPU
		{2D4844B2-1FF8-414B-86A3-38C6B971DB29}.Debug|Any CPU.ActiveCfg = Debug|Any CPU
		{2D4844B2-1FF8-414B-86A3-38C6B971DB29}.Debug|Any CPU.Build.0 = Debug|Any CPU
		{2D4844B2-1FF8-414B-86A3-38C6B971DB29}.Release|Any CPU.ActiveCfg = Release|Any CPU
		{2D4844B2-1FF8-414B-86A3-38C6B971DB29}.Release|Any CPU.Build.0 = Release|Any CPU
		{C570E83F-41AA-4583-83A4-AE80469716CF}.Debug|Any CPU.ActiveCfg = Debug|Any CPU
		{C570E83F-41AA-4583-83A4-AE80469716CF}.Debug|Any CPU.Build.0 = Debug|Any CPU
		{C570E83F-41AA-4583-83A4-AE80469716CF}.Release|Any CPU.ActiveCfg = Release|Any CPU
		{C570E83F-41AA-4583-83A4-AE80469716CF}.Release|Any CPU.Build.0 = Release|Any CPU
		{CD58136D-F9BC-41DE-9476-3FF58DA5601D}.Debug|Any CPU.ActiveCfg = Debug|Any CPU
		{CD58136D-F9BC-41DE-9476-3FF58DA5601D}.Debug|Any CPU.Build.0 = Debug|Any CPU
		{CD58136D-F9BC-41DE-9476-3FF58DA5601D}.Release|Any CPU.ActiveCfg = Release|Any CPU
		{CD58136D-F9BC-41DE-9476-3FF58DA5601D}.Release|Any CPU.Build.0 = Release|Any CPU
		{A5001953-8288-45F0-9403-1B07AEF3F4AC}.Debug|Any CPU.ActiveCfg = Debug|Any CPU
		{A5001953-8288-45F0-9403-1B07AEF3F4AC}.Debug|Any CPU.Build.0 = Debug|Any CPU
		{A5001953-8288-45F0-9403-1B07AEF3F4AC}.Release|Any CPU.ActiveCfg = Release|Any CPU
		{A5001953-8288-45F0-9403-1B07AEF3F4AC}.Release|Any CPU.Build.0 = Release|Any CPU
		{F3247EC1-E8B9-4384-8C7F-7E26756A44E2}.Debug|Any CPU.ActiveCfg = Debug|Any CPU
		{F3247EC1-E8B9-4384-8C7F-7E26756A44E2}.Debug|Any CPU.Build.0 = Debug|Any CPU
		{F3247EC1-E8B9-4384-8C7F-7E26756A44E2}.Release|Any CPU.ActiveCfg = Release|Any CPU
		{F3247EC1-E8B9-4384-8C7F-7E26756A44E2}.Release|Any CPU.Build.0 = Release|Any CPU
		{CD10646E-6E5F-4D57-BB35-442602146E0D}.Debug|Any CPU.ActiveCfg = Debug|Any CPU
		{CD10646E-6E5F-4D57-BB35-442602146E0D}.Debug|Any CPU.Build.0 = Debug|Any CPU
		{CD10646E-6E5F-4D57-BB35-442602146E0D}.Release|Any CPU.ActiveCfg = Release|Any CPU
		{CD10646E-6E5F-4D57-BB35-442602146E0D}.Release|Any CPU.Build.0 = Release|Any CPU
		{F3522282-5A2B-4EFC-8137-A729878660E9}.Debug|Any CPU.ActiveCfg = Debug|Any CPU
		{F3522282-5A2B-4EFC-8137-A729878660E9}.Debug|Any CPU.Build.0 = Debug|Any CPU
		{F3522282-5A2B-4EFC-8137-A729878660E9}.Release|Any CPU.ActiveCfg = Release|Any CPU
		{F3522282-5A2B-4EFC-8137-A729878660E9}.Release|Any CPU.Build.0 = Release|Any CPU
		{6E057D4D-4630-4542-BE42-A81BE2915C6D}.Debug|Any CPU.ActiveCfg = Debug|Any CPU
		{6E057D4D-4630-4542-BE42-A81BE2915C6D}.Debug|Any CPU.Build.0 = Debug|Any CPU
		{6E057D4D-4630-4542-BE42-A81BE2915C6D}.Release|Any CPU.ActiveCfg = Release|Any CPU
		{6E057D4D-4630-4542-BE42-A81BE2915C6D}.Release|Any CPU.Build.0 = Release|Any CPU
		{B46A9B2E-B723-4524-BBD2-86FDD519B70B}.Debug|Any CPU.ActiveCfg = Debug|Any CPU
		{B46A9B2E-B723-4524-BBD2-86FDD519B70B}.Debug|Any CPU.Build.0 = Debug|Any CPU
		{B46A9B2E-B723-4524-BBD2-86FDD519B70B}.Release|Any CPU.ActiveCfg = Release|Any CPU
		{B46A9B2E-B723-4524-BBD2-86FDD519B70B}.Release|Any CPU.Build.0 = Release|Any CPU
		{9524D0FB-5D6D-4268-ADA5-C815A2D08AAD}.Debug|Any CPU.ActiveCfg = Debug|Any CPU
		{9524D0FB-5D6D-4268-ADA5-C815A2D08AAD}.Debug|Any CPU.Build.0 = Debug|Any CPU
		{9524D0FB-5D6D-4268-ADA5-C815A2D08AAD}.Release|Any CPU.ActiveCfg = Release|Any CPU
		{9524D0FB-5D6D-4268-ADA5-C815A2D08AAD}.Release|Any CPU.Build.0 = Release|Any CPU
		{75479FDE-EE8E-4EBD-97D6-F5D382327DD5}.Debug|Any CPU.ActiveCfg = Debug|Any CPU
		{75479FDE-EE8E-4EBD-97D6-F5D382327DD5}.Debug|Any CPU.Build.0 = Debug|Any CPU
		{75479FDE-EE8E-4EBD-97D6-F5D382327DD5}.Release|Any CPU.ActiveCfg = Release|Any CPU
		{75479FDE-EE8E-4EBD-97D6-F5D382327DD5}.Release|Any CPU.Build.0 = Release|Any CPU
		{854835DB-7798-488F-8309-7212A5BF73B3}.Debug|Any CPU.ActiveCfg = Debug|Any CPU
		{854835DB-7798-488F-8309-7212A5BF73B3}.Debug|Any CPU.Build.0 = Debug|Any CPU
		{854835DB-7798-488F-8309-7212A5BF73B3}.Release|Any CPU.ActiveCfg = Release|Any CPU
		{854835DB-7798-488F-8309-7212A5BF73B3}.Release|Any CPU.Build.0 = Release|Any CPU
		{46C2F179-6231-4CB6-ADEC-A1212DEFE890}.Debug|Any CPU.ActiveCfg = Debug|Any CPU
		{46C2F179-6231-4CB6-ADEC-A1212DEFE890}.Debug|Any CPU.Build.0 = Debug|Any CPU
		{46C2F179-6231-4CB6-ADEC-A1212DEFE890}.Release|Any CPU.ActiveCfg = Release|Any CPU
		{46C2F179-6231-4CB6-ADEC-A1212DEFE890}.Release|Any CPU.Build.0 = Release|Any CPU
		{F4BC863B-6FEC-4CC4-983D-9B31D70B8BB3}.Debug|Any CPU.ActiveCfg = Debug|Any CPU
		{F4BC863B-6FEC-4CC4-983D-9B31D70B8BB3}.Debug|Any CPU.Build.0 = Debug|Any CPU
		{F4BC863B-6FEC-4CC4-983D-9B31D70B8BB3}.Release|Any CPU.ActiveCfg = Release|Any CPU
		{F4BC863B-6FEC-4CC4-983D-9B31D70B8BB3}.Release|Any CPU.Build.0 = Release|Any CPU
		{51DBB940-4638-4E24-A73E-30B404F4E779}.Debug|Any CPU.ActiveCfg = Debug|Any CPU
		{51DBB940-4638-4E24-A73E-30B404F4E779}.Debug|Any CPU.Build.0 = Debug|Any CPU
		{51DBB940-4638-4E24-A73E-30B404F4E779}.Release|Any CPU.ActiveCfg = Release|Any CPU
		{51DBB940-4638-4E24-A73E-30B404F4E779}.Release|Any CPU.Build.0 = Release|Any CPU
		{8FEA151F-BBF0-4726-BDB0-0137B7866DC3}.Debug|Any CPU.ActiveCfg = Debug|Any CPU
		{8FEA151F-BBF0-4726-BDB0-0137B7866DC3}.Debug|Any CPU.Build.0 = Debug|Any CPU
		{8FEA151F-BBF0-4726-BDB0-0137B7866DC3}.Release|Any CPU.ActiveCfg = Release|Any CPU
		{8FEA151F-BBF0-4726-BDB0-0137B7866DC3}.Release|Any CPU.Build.0 = Release|Any CPU
		{006E14A2-0441-48EB-86EB-0D2630D1A834}.Debug|Any CPU.ActiveCfg = Debug|Any CPU
		{006E14A2-0441-48EB-86EB-0D2630D1A834}.Debug|Any CPU.Build.0 = Debug|Any CPU
		{006E14A2-0441-48EB-86EB-0D2630D1A834}.Release|Any CPU.ActiveCfg = Release|Any CPU
		{006E14A2-0441-48EB-86EB-0D2630D1A834}.Release|Any CPU.Build.0 = Release|Any CPU
		{2790D040-947A-42A0-956F-963CCA0E9C06}.Debug|Any CPU.ActiveCfg = Debug|Any CPU
		{2790D040-947A-42A0-956F-963CCA0E9C06}.Debug|Any CPU.Build.0 = Debug|Any CPU
		{2790D040-947A-42A0-956F-963CCA0E9C06}.Release|Any CPU.ActiveCfg = Release|Any CPU
		{2790D040-947A-42A0-956F-963CCA0E9C06}.Release|Any CPU.Build.0 = Release|Any CPU
		{22FCA191-0D6F-406D-A90F-DAAAE0AC9919}.Debug|Any CPU.ActiveCfg = Debug|Any CPU
		{22FCA191-0D6F-406D-A90F-DAAAE0AC9919}.Debug|Any CPU.Build.0 = Debug|Any CPU
		{22FCA191-0D6F-406D-A90F-DAAAE0AC9919}.Release|Any CPU.ActiveCfg = Release|Any CPU
		{22FCA191-0D6F-406D-A90F-DAAAE0AC9919}.Release|Any CPU.Build.0 = Release|Any CPU
		{DC7EFB5A-66C4-4F07-B51B-2C776D8E4E94}.Debug|Any CPU.ActiveCfg = Debug|Any CPU
		{DC7EFB5A-66C4-4F07-B51B-2C776D8E4E94}.Debug|Any CPU.Build.0 = Debug|Any CPU
		{DC7EFB5A-66C4-4F07-B51B-2C776D8E4E94}.Release|Any CPU.ActiveCfg = Release|Any CPU
		{DC7EFB5A-66C4-4F07-B51B-2C776D8E4E94}.Release|Any CPU.Build.0 = Release|Any CPU
		{94F8C0C5-EAD4-4E49-94F2-46A8D6CE77AD}.Debug|Any CPU.ActiveCfg = Debug|Any CPU
		{94F8C0C5-EAD4-4E49-94F2-46A8D6CE77AD}.Debug|Any CPU.Build.0 = Debug|Any CPU
		{94F8C0C5-EAD4-4E49-94F2-46A8D6CE77AD}.Release|Any CPU.ActiveCfg = Release|Any CPU
		{94F8C0C5-EAD4-4E49-94F2-46A8D6CE77AD}.Release|Any CPU.Build.0 = Release|Any CPU
		{A1575F7C-2E31-4800-B586-25917FC885B9}.Debug|Any CPU.ActiveCfg = Debug|Any CPU
		{A1575F7C-2E31-4800-B586-25917FC885B9}.Debug|Any CPU.Build.0 = Debug|Any CPU
		{A1575F7C-2E31-4800-B586-25917FC885B9}.Release|Any CPU.ActiveCfg = Release|Any CPU
		{A1575F7C-2E31-4800-B586-25917FC885B9}.Release|Any CPU.Build.0 = Release|Any CPU
		{8517F040-6E4E-4306-B155-12C8D1B263ED}.Debug|Any CPU.ActiveCfg = Debug|Any CPU
		{8517F040-6E4E-4306-B155-12C8D1B263ED}.Debug|Any CPU.Build.0 = Debug|Any CPU
		{8517F040-6E4E-4306-B155-12C8D1B263ED}.Release|Any CPU.ActiveCfg = Release|Any CPU
		{8517F040-6E4E-4306-B155-12C8D1B263ED}.Release|Any CPU.Build.0 = Release|Any CPU
		{7806CA9F-3565-4D9C-A0B4-397F67EF7251}.Debug|Any CPU.ActiveCfg = Debug|Any CPU
		{7806CA9F-3565-4D9C-A0B4-397F67EF7251}.Debug|Any CPU.Build.0 = Debug|Any CPU
		{7806CA9F-3565-4D9C-A0B4-397F67EF7251}.Release|Any CPU.ActiveCfg = Release|Any CPU
		{7806CA9F-3565-4D9C-A0B4-397F67EF7251}.Release|Any CPU.Build.0 = Release|Any CPU
	EndGlobalSection
	GlobalSection(SolutionProperties) = preSolution
		HideSolutionNode = FALSE
	EndGlobalSection
	GlobalSection(NestedProjects) = preSolution
		{BF7ECBF1-BA52-4867-BD52-CAB0DB39842A} = {36D591C7-65C7-A0D1-1CBC-10CDE441BDC8}
		{FB5B2A20-7FC2-4AC5-A37B-D35FF514549D} = {36D591C7-65C7-A0D1-1CBC-10CDE441BDC8}
		{36684A04-A9C7-4B5A-B6B8-C9276DDECFB4} = {30C96DDF-7732-469F-88C5-E4747B6785D7}
		{168AA405-EB89-4406-9FD0-FBA6FCF0938B} = {30C96DDF-7732-469F-88C5-E4747B6785D7}
		{7806AA5C-A5F2-4E3F-B39D-83DAFD63A698} = {30C96DDF-7732-469F-88C5-E4747B6785D7}
		{BFA30E6F-88A5-409D-84A5-F082BF7E0E43} = {30C96DDF-7732-469F-88C5-E4747B6785D7}
		{C04C374F-F580-40E1-A45A-998AB5B1FD93} = {30C96DDF-7732-469F-88C5-E4747B6785D7}
		{DFBDE551-2942-48BD-A918-1D5CA4B76BDB} = {30C96DDF-7732-469F-88C5-E4747B6785D7}
		{68B5D0CC-AD19-4F60-A06F-04B8EC3A78F9} = {30C96DDF-7732-469F-88C5-E4747B6785D7}
		{B2A148E9-11E1-4944-A7C2-60DFE7CB804C} = {36D591C7-65C7-A0D1-1CBC-10CDE441BDC8}
		{C7421DB8-76C1-4566-962D-AB514F45ACAD} = {36D591C7-65C7-A0D1-1CBC-10CDE441BDC8}
		{427D9913-B880-4BCF-8FB2-5B0492FA1B23} = {36D591C7-65C7-A0D1-1CBC-10CDE441BDC8}
		{CEE144F2-A18C-4B98-B35E-CCBECD1DCD55} = {36D591C7-65C7-A0D1-1CBC-10CDE441BDC8}
		{69F4387A-A03F-48FA-9604-981FE462B5BB} = {36D591C7-65C7-A0D1-1CBC-10CDE441BDC8}
		{5E930075-51D3-4764-A351-B9BFBB659764} = {36D591C7-65C7-A0D1-1CBC-10CDE441BDC8}
		{A16F393A-E26C-4076-B845-B2A68F49FF28} = {36D591C7-65C7-A0D1-1CBC-10CDE441BDC8}
		{B561CE63-DD70-49E7-816E-EF6A58558724} = {36D591C7-65C7-A0D1-1CBC-10CDE441BDC8}
		{2D4844B2-1FF8-414B-86A3-38C6B971DB29} = {1CAE2B6C-D3CF-4C5E-B89F-AAF14FD3CA7E}
		{C570E83F-41AA-4583-83A4-AE80469716CF} = {1CAE2B6C-D3CF-4C5E-B89F-AAF14FD3CA7E}
		{CD58136D-F9BC-41DE-9476-3FF58DA5601D} = {1CAE2B6C-D3CF-4C5E-B89F-AAF14FD3CA7E}
		{A5001953-8288-45F0-9403-1B07AEF3F4AC} = {1CAE2B6C-D3CF-4C5E-B89F-AAF14FD3CA7E}
		{F3247EC1-E8B9-4384-8C7F-7E26756A44E2} = {1CAE2B6C-D3CF-4C5E-B89F-AAF14FD3CA7E}
		{CD10646E-6E5F-4D57-BB35-442602146E0D} = {1CAE2B6C-D3CF-4C5E-B89F-AAF14FD3CA7E}
		{F3522282-5A2B-4EFC-8137-A729878660E9} = {1CAE2B6C-D3CF-4C5E-B89F-AAF14FD3CA7E}
		{6E057D4D-4630-4542-BE42-A81BE2915C6D} = {1CAE2B6C-D3CF-4C5E-B89F-AAF14FD3CA7E}
		{B46A9B2E-B723-4524-BBD2-86FDD519B70B} = {67726EFD-7454-4AF3-ABC3-30FD892D53AD}
		{9524D0FB-5D6D-4268-ADA5-C815A2D08AAD} = {67726EFD-7454-4AF3-ABC3-30FD892D53AD}
		{75479FDE-EE8E-4EBD-97D6-F5D382327DD5} = {67726EFD-7454-4AF3-ABC3-30FD892D53AD}
		{854835DB-7798-488F-8309-7212A5BF73B3} = {67726EFD-7454-4AF3-ABC3-30FD892D53AD}
		{46C2F179-6231-4CB6-ADEC-A1212DEFE890} = {67726EFD-7454-4AF3-ABC3-30FD892D53AD}
		{F4BC863B-6FEC-4CC4-983D-9B31D70B8BB3} = {67726EFD-7454-4AF3-ABC3-30FD892D53AD}
		{51DBB940-4638-4E24-A73E-30B404F4E779} = {109C8392-FBD9-4D19-AAED-C54C7507053B}
		{8FEA151F-BBF0-4726-BDB0-0137B7866DC3} = {109C8392-FBD9-4D19-AAED-C54C7507053B}
		{006E14A2-0441-48EB-86EB-0D2630D1A834} = {109C8392-FBD9-4D19-AAED-C54C7507053B}
		{2790D040-947A-42A0-956F-963CCA0E9C06} = {109C8392-FBD9-4D19-AAED-C54C7507053B}
		{22FCA191-0D6F-406D-A90F-DAAAE0AC9919} = {109C8392-FBD9-4D19-AAED-C54C7507053B}
		{DC7EFB5A-66C4-4F07-B51B-2C776D8E4E94} = {109C8392-FBD9-4D19-AAED-C54C7507053B}
		{94F8C0C5-EAD4-4E49-94F2-46A8D6CE77AD} = {109C8392-FBD9-4D19-AAED-C54C7507053B}
		{A1575F7C-2E31-4800-B586-25917FC885B9} = {109C8392-FBD9-4D19-AAED-C54C7507053B}
		{8517F040-6E4E-4306-B155-12C8D1B263ED} = {109C8392-FBD9-4D19-AAED-C54C7507053B}
		{7806CA9F-3565-4D9C-A0B4-397F67EF7251} = {109C8392-FBD9-4D19-AAED-C54C7507053B}
	EndGlobalSection
	GlobalSection(ExtensibilityGlobals) = postSolution
		SolutionGuid = {EB5973FD-3691-4557-BE24-4DA07FF4190B}
	EndGlobalSection
EndGlobal
