
Microsoft Visual Studio Solution File, Format Version 12.00
# Visual Studio Version 17
VisualStudioVersion = 17.12.35707.178
MinimumVisualStudioVersion = 10.0.40219.1
Project("{FAE04EC0-301F-11D3-BF4B-00C04F79EFBC}") = "Task1_1", "Task1_1\Task1_1.csproj", "{BF7ECBF1-BA52-4867-BD52-CAB0DB39842A}"
EndProject
Project("{FAE04EC0-301F-11D3-BF4B-00C04F79EFBC}") = "Task1_2", "Task1_2\Task1_2.csproj", "{FB5B2A20-7FC2-4AC5-A37B-D35FF514549D}"
EndProject
Project("{FAE04EC0-301F-11D3-BF4B-00C04F79EFBC}") = "Task2_1", "Task2_1\Task2_1.csproj", "{36684A04-A9C7-4B5A-B6B8-C9276DDECFB4}"
EndProject
Project("{FAE04EC0-301F-11D3-BF4B-00C04F79EFBC}") = "Task2_2", "Task2_2\Task2_2.csproj", "{168AA405-EB89-4406-9FD0-FBA6FCF0938B}"
EndProject
Project("{FAE04EC0-301F-11D3-BF4B-00C04F79EFBC}") = "Task2_3", "Task2_3\Task2_3.csproj", "{7806AA5C-A5F2-4E3F-B39D-83DAFD63A698}"
EndProject
Project("{FAE04EC0-301F-11D3-BF4B-00C04F79EFBC}") = "Task2_4", "Task2_4\Task2_4.csproj", "{BFA30E6F-88A5-409D-84A5-F082BF7E0E43}"
EndProject
Project("{FAE04EC0-301F-11D3-BF4B-00C04F79EFBC}") = "Task2_5", "Task2_5\Task2_5.csproj", "{C04C374F-F580-40E1-A45A-998AB5B1FD93}"
EndProject
Project("{FAE04EC0-301F-11D3-BF4B-00C04F79EFBC}") = "Task2_6", "Task2_6\Task2_6.csproj", "{DFBDE551-2942-48BD-A918-1D5CA4B76BDB}"
EndProject
Project("{FAE04EC0-301F-11D3-BF4B-00C04F79EFBC}") = "Task2_7", "Task2_7\Task2_7.csproj", "{68B5D0CC-AD19-4F60-A06F-04B8EC3A78F9}"
EndProject
Project("{FAE04EC0-301F-11D3-BF4B-00C04F79EFBC}") = "Task4_1", "Task4_1\Task4_1.csproj", "{B2A148E9-11E1-4944-A7C2-60DFE7CB804C}"
EndProject
Project("{FAE04EC0-301F-11D3-BF4B-00C04F79EFBC}") = "Task4_2", "Task4_2\Task4_2.csproj", "{C7421DB8-76C1-4566-962D-AB514F45ACAD}"
EndProject
Project("{FAE04EC0-301F-11D3-BF4B-00C04F79EFBC}") = "Task4_3", "Task4_3\Task4_3.csproj", "{427D9913-B880-4BCF-8FB2-5B0492FA1B23}"
EndProject
Project("{FAE04EC0-301F-11D3-BF4B-00C04F79EFBC}") = "Task4_4", "Task4_4\Task4_4.csproj", "{CEE144F2-A18C-4B98-B35E-CCBECD1DCD55}"
EndProject
Project("{FAE04EC0-301F-11D3-BF4B-00C04F79EFBC}") = "Task4_5", "Task4_5\Task4_5.csproj", "{69F4387A-A03F-48FA-9604-981FE462B5BB}"
EndProject
Project("{FAE04EC0-301F-11D3-BF4B-00C04F79EFBC}") = "Task4_6", "Task4_6\Task4_6.csproj", "{5E930075-51D3-4764-A351-B9BFBB659764}"
EndProject
Project("{FAE04EC0-301F-11D3-BF4B-00C04F79EFBC}") = "Task4_7", "Task4_7\Task4_7.csproj", "{A16F393A-E26C-4076-B845-B2A68F49FF28}"
EndProject
Project("{FAE04EC0-301F-11D3-BF4B-00C04F79EFBC}") = "Task4_8", "Task4_8\Task4_8.csproj", "{B561CE63-DD70-49E7-816E-EF6A58558724}"
EndProject
Global
	GlobalSection(SolutionConfigurationPlatforms) = preSolution
		Debug|Any CPU = Debug|Any CPU
		Release|Any CPU = Release|Any CPU
	EndGlobalSection
	GlobalSection(ProjectConfigurationPlatforms) = postSolution
		{BF7ECBF1-BA52-4867-BD52-CAB0DB39842A}.Debug|Any CPU.ActiveCfg = Debug|Any CPU
		{BF7ECBF1-BA52-4867-BD52-CAB0DB39842A}.Debug|Any CPU.Build.0 = Debug|Any CPU
		{BF7ECBF1-BA52-4867-BD52-CAB0DB39842A}.Release|Any CPU.ActiveCfg = Release|Any CPU
		{BF7ECBF1-BA52-4867-BD52-CAB0DB39842A}.Release|Any CPU.Build.0 = Release|Any CPU
		{FB5B2A20-7FC2-4AC5-A37B-D35FF514549D}.Debug|Any CPU.ActiveCfg = Debug|Any CPU
		{FB5B2A20-7FC2-4AC5-A37B-D35FF514549D}.Debug|Any CPU.Build.0 = Debug|Any CPU
		{FB5B2A20-7FC2-4AC5-A37B-D35FF514549D}.Release|Any CPU.ActiveCfg = Release|Any CPU
		{FB5B2A20-7FC2-4AC5-A37B-D35FF514549D}.Release|Any CPU.Build.0 = Release|Any CPU
		{36684A04-A9C7-4B5A-B6B8-C9276DDECFB4}.Debug|Any CPU.ActiveCfg = Debug|Any CPU
		{36684A04-A9C7-4B5A-B6B8-C9276DDECFB4}.Debug|Any CPU.Build.0 = Debug|Any CPU
		{36684A04-A9C7-4B5A-B6B8-C9276DDECFB4}.Release|Any CPU.ActiveCfg = Release|Any CPU
		{36684A04-A9C7-4B5A-B6B8-C9276DDECFB4}.Release|Any CPU.Build.0 = Release|Any CPU
		{168AA405-EB89-4406-9FD0-FBA6FCF0938B}.Debug|Any CPU.ActiveCfg = Debug|Any CPU
		{168AA405-EB89-4406-9FD0-FBA6FCF0938B}.Debug|Any CPU.Build.0 = Debug|Any CPU
		{168AA405-EB89-4406-9FD0-FBA6FCF0938B}.Release|Any CPU.ActiveCfg = Release|Any CPU
		{168AA405-EB89-4406-9FD0-FBA6FCF0938B}.Release|Any CPU.Build.0 = Release|Any CPU
		{7806AA5C-A5F2-4E3F-B39D-83DAFD63A698}.Debug|Any CPU.ActiveCfg = Debug|Any CPU
		{7806AA5C-A5F2-4E3F-B39D-83DAFD63A698}.Debug|Any CPU.Build.0 = Debug|Any CPU
		{7806AA5C-A5F2-4E3F-B39D-83DAFD63A698}.Release|Any CPU.ActiveCfg = Release|Any CPU
		{7806AA5C-A5F2-4E3F-B39D-83DAFD63A698}.Release|Any CPU.Build.0 = Release|Any CPU
		{BFA30E6F-88A5-409D-84A5-F082BF7E0E43}.Debug|Any CPU.ActiveCfg = Debug|Any CPU
		{BFA30E6F-88A5-409D-84A5-F082BF7E0E43}.Debug|Any CPU.Build.0 = Debug|Any CPU
		{BFA30E6F-88A5-409D-84A5-F082BF7E0E43}.Release|Any CPU.ActiveCfg = Release|Any CPU
		{BFA30E6F-88A5-409D-84A5-F082BF7E0E43}.Release|Any CPU.Build.0 = Release|Any CPU
		{C04C374F-F580-40E1-A45A-998AB5B1FD93}.Debug|Any CPU.ActiveCfg = Debug|Any CPU
		{C04C374F-F580-40E1-A45A-998AB5B1FD93}.Debug|Any CPU.Build.0 = Debug|Any CPU
		{C04C374F-F580-40E1-A45A-998AB5B1FD93}.Release|Any CPU.ActiveCfg = Release|Any CPU
		{C04C374F-F580-40E1-A45A-998AB5B1FD93}.Release|Any CPU.Build.0 = Release|Any CPU
		{DFBDE551-2942-48BD-A918-1D5CA4B76BDB}.Debug|Any CPU.ActiveCfg = Debug|Any CPU
		{DFBDE551-2942-48BD-A918-1D5CA4B76BDB}.Debug|Any CPU.Build.0 = Debug|Any CPU
		{DFBDE551-2942-48BD-A918-1D5CA4B76BDB}.Release|Any CPU.ActiveCfg = Release|Any CPU
		{DFBDE551-2942-48BD-A918-1D5CA4B76BDB}.Release|Any CPU.Build.0 = Release|Any CPU
		{68B5D0CC-AD19-4F60-A06F-04B8EC3A78F9}.Debug|Any CPU.ActiveCfg = Debug|Any CPU
		{68B5D0CC-AD19-4F60-A06F-04B8EC3A78F9}.Debug|Any CPU.Build.0 = Debug|Any CPU
		{68B5D0CC-AD19-4F60-A06F-04B8EC3A78F9}.Release|Any CPU.ActiveCfg = Release|Any CPU
		{68B5D0CC-AD19-4F60-A06F-04B8EC3A78F9}.Release|Any CPU.Build.0 = Release|Any CPU
		{B2A148E9-11E1-4944-A7C2-60DFE7CB804C}.Debug|Any CPU.ActiveCfg = Debug|Any CPU
		{B2A148E9-11E1-4944-A7C2-60DFE7CB804C}.Debug|Any CPU.Build.0 = Debug|Any CPU
		{B2A148E9-11E1-4944-A7C2-60DFE7CB804C}.Release|Any CPU.ActiveCfg = Release|Any CPU
		{B2A148E9-11E1-4944-A7C2-60DFE7CB804C}.Release|Any CPU.Build.0 = Release|Any CPU
		{C7421DB8-76C1-4566-962D-AB514F45ACAD}.Debug|Any CPU.ActiveCfg = Debug|Any CPU
		{C7421DB8-76C1-4566-962D-AB514F45ACAD}.Debug|Any CPU.Build.0 = Debug|Any CPU
		{C7421DB8-76C1-4566-962D-AB514F45ACAD}.Release|Any CPU.ActiveCfg = Release|Any CPU
		{C7421DB8-76C1-4566-962D-AB514F45ACAD}.Release|Any CPU.Build.0 = Release|Any CPU
		{427D9913-B880-4BCF-8FB2-5B0492FA1B23}.Debug|Any CPU.ActiveCfg = Debug|Any CPU
		{427D9913-B880-4BCF-8FB2-5B0492FA1B23}.Debug|Any CPU.Build.0 = Debug|Any CPU
		{427D9913-B880-4BCF-8FB2-5B0492FA1B23}.Release|Any CPU.ActiveCfg = Release|Any CPU
		{427D9913-B880-4BCF-8FB2-5B0492FA1B23}.Release|Any CPU.Build.0 = Release|Any CPU
		{CEE144F2-A18C-4B98-B35E-CCBECD1DCD55}.Debug|Any CPU.ActiveCfg = Debug|Any CPU
		{CEE144F2-A18C-4B98-B35E-CCBECD1DCD55}.Debug|Any CPU.Build.0 = Debug|Any CPU
		{CEE144F2-A18C-4B98-B35E-CCBECD1DCD55}.Release|Any CPU.ActiveCfg = Release|Any CPU
		{CEE144F2-A18C-4B98-B35E-CCBECD1DCD55}.Release|Any CPU.Build.0 = Release|Any CPU
		{69F4387A-A03F-48FA-9604-981FE462B5BB}.Debug|Any CPU.ActiveCfg = Debug|Any CPU
		{69F4387A-A03F-48FA-9604-981FE462B5BB}.Debug|Any CPU.Build.0 = Debug|Any CPU
		{69F4387A-A03F-48FA-9604-981FE462B5BB}.Release|Any CPU.ActiveCfg = Release|Any CPU
		{69F4387A-A03F-48FA-9604-981FE462B5BB}.Release|Any CPU.Build.0 = Release|Any CPU
		{5E930075-51D3-4764-A351-B9BFBB659764}.Debug|Any CPU.ActiveCfg = Debug|Any CPU
		{5E930075-51D3-4764-A351-B9BFBB659764}.Debug|Any CPU.Build.0 = Debug|Any CPU
		{5E930075-51D3-4764-A351-B9BFBB659764}.Release|Any CPU.ActiveCfg = Release|Any CPU
		{5E930075-51D3-4764-A351-B9BFBB659764}.Release|Any CPU.Build.0 = Release|Any CPU
		{A16F393A-E26C-4076-B845-B2A68F49FF28}.Debug|Any CPU.ActiveCfg = Debug|Any CPU
		{A16F393A-E26C-4076-B845-B2A68F49FF28}.Debug|Any CPU.Build.0 = Debug|Any CPU
		{A16F393A-E26C-4076-B845-B2A68F49FF28}.Release|Any CPU.ActiveCfg = Release|Any CPU
		{A16F393A-E26C-4076-B845-B2A68F49FF28}.Release|Any CPU.Build.0 = Release|Any CPU
		{B561CE63-DD70-49E7-816E-EF6A58558724}.Debug|Any CPU.ActiveCfg = Debug|Any CPU
		{B561CE63-DD70-49E7-816E-EF6A58558724}.Debug|Any CPU.Build.0 = Debug|Any CPU
		{B561CE63-DD70-49E7-816E-EF6A58558724}.Release|Any CPU.ActiveCfg = Release|Any CPU
		{B561CE63-DD70-49E7-816E-EF6A58558724}.Release|Any CPU.Build.0 = Release|Any CPU
	EndGlobalSection
	GlobalSection(SolutionProperties) = preSolution
		HideSolutionNode = FALSE
	EndGlobalSection
EndGlobal
